{
  "object": {
    "pins": [
      {
        "package": "FileCheck",
        "repositoryURL": "https://github.com/llvm-swift/FileCheck.git",
        "state": {
          "branch": null,
          "revision": "89b8480055f9adf8ce2f9ad5e2fac7ac1076242e",
          "version": "0.0.8"
        }
      },
      {
        "package": "LLVM",
        "repositoryURL": "https://github.com/llvm-swift/LLVMSwift.git",
        "state": {
          "branch": null,
          "revision": "e4aa37b413a56d886b0fc5212afb0afe556a9010",
          "version": "0.4.1"
        }
      },
      {
        "package": "SwiftSyntax",
        "repositoryURL": "https://github.com/apple/swift-syntax.git",
        "state": {
          "branch": null,
          "revision": "f20c0bcbfb4b07e107c9851350217cb2217f0cb4",
          "version": "0.40200.0"
        }
      }
    ]
  },
  "version": 1
}
