{
  "object": {
    "pins": [
      {
        "package": "FileCheck",
        "repositoryURL": "https://github.com/llvm-swift/FileCheck.git",
        "state": {
          "branch": null,
          "revision": "00945abac615e5203701be0f090ed0e2d2ff15bf",
          "version": "0.2.0"
        }
      },
      {
        "package": "LLVM",
        "repositoryURL": "https://github.com/llvm-swift/LLVMSwift.git",
        "state": {
          "branch": "0.4.1",
          "revision": "e4aa37b413a56d886b0fc5212afb0afe556a9010",
          "version": null
        }
      },
      {
        "package": "Rainbow",
        "repositoryURL": "https://github.com/onevcat/Rainbow.git",
        "state": {
          "branch": null,
          "revision": "9c52c1952e9b2305d4507cf473392ac2d7c9b155",
          "version": "3.1.5"
        }
      },
      {
        "package": "llbuild",
        "repositoryURL": "https://github.com/apple/swift-llbuild.git",
        "state": {
          "branch": null,
          "revision": "f1c9ad9a253cdf1aa89a7f5c99c30b4513b06ddb",
          "version": "0.1.1"
        }
      },
      {
        "package": "SwiftPM",
        "repositoryURL": "https://github.com/apple/swift-package-manager.git",
        "state": {
          "branch": null,
          "revision": "8656a25cb906c1896339f950ac960ee1b4fe8034",
          "version": "0.4.0"
        }
      },
      {
        "package": "SwiftSyntax",
        "repositoryURL": "https://github.com/apple/swift-syntax.git",
        "state": {
          "branch": "swift-DEVELOPMENT-SNAPSHOT-2019-07-10-m",
          "revision": "dd07c607c04a3adb61e6f973b3db88a7062c9f3c",
          "version": null
        }
      }
    ]
  },
  "version": 1
}
